
Microsoft Visual Studio Solution File, Format Version 12.00
# Visual Studio Version 17
VisualStudioVersion = 17.4.33403.182
MinimumVisualStudioVersion = 10.0.40219.1
Project("{FAE04EC0-301F-11D3-BF4B-00C04F79EFBC}") = "Laboratorium 1", "Laboratorium 1\Laboratorium 1.csproj", "{A2F48A03-A3E9-4164-82C7-B01FFE0FF603}"
EndProject
Project("{FAE04EC0-301F-11D3-BF4B-00C04F79EFBC}") = "Laboratorium 2", "Laboratorium 2\Laboratorium 2.csproj", "{1FF65E70-01B8-4B69-B74C-6712BC1FE02A}"
EndProject
Project("{FAE04EC0-301F-11D3-BF4B-00C04F79EFBC}") = "Laboratorium 3 4 5 6 7 8", "Laboratorium 3\Laboratorium 3 4 5 6 7 8.csproj", "{E2FEE821-C04D-4FB4-A7CE-8069DE97ACFC}"
EndProject
Project("{FAE04EC0-301F-11D3-BF4B-00C04F79EFBC}") = "Data", "Data\Data.csproj", "{7A311646-DFD4-435D-837A-6FAF851BE2B9}"
EndProject
Project("{FAE04EC0-301F-11D3-BF4B-00C04F79EFBC}") = "EmployeeData", "EmployeeData\EmployeeData.csproj", "{79C05C11-C9EF-48C4-88FC-EFF6CECFD057}"
EndProject
Project("{FAE04EC0-301F-11D3-BF4B-00C04F79EFBC}") = "Laboratorium 9", "Laboratorium 9\Laboratorium 9.csproj", "{4BF06FCE-7F6D-4BC9-A2DF-31CA7C4A2396}"
EndProject
Global
	GlobalSection(SolutionConfigurationPlatforms) = preSolution
		Debug|Any CPU = Debug|Any CPU
		Release|Any CPU = Release|Any CPU
	EndGlobalSection
	GlobalSection(ProjectConfigurationPlatforms) = postSolution
		{A2F48A03-A3E9-4164-82C7-B01FFE0FF603}.Debug|Any CPU.ActiveCfg = Debug|Any CPU
		{A2F48A03-A3E9-4164-82C7-B01FFE0FF603}.Debug|Any CPU.Build.0 = Debug|Any CPU
		{A2F48A03-A3E9-4164-82C7-B01FFE0FF603}.Release|Any CPU.ActiveCfg = Release|Any CPU
		{A2F48A03-A3E9-4164-82C7-B01FFE0FF603}.Release|Any CPU.Build.0 = Release|Any CPU
		{1FF65E70-01B8-4B69-B74C-6712BC1FE02A}.Debug|Any CPU.ActiveCfg = Debug|Any CPU
		{1FF65E70-01B8-4B69-B74C-6712BC1FE02A}.Debug|Any CPU.Build.0 = Debug|Any CPU
		{1FF65E70-01B8-4B69-B74C-6712BC1FE02A}.Release|Any CPU.ActiveCfg = Release|Any CPU
		{1FF65E70-01B8-4B69-B74C-6712BC1FE02A}.Release|Any CPU.Build.0 = Release|Any CPU
		{E2FEE821-C04D-4FB4-A7CE-8069DE97ACFC}.Debug|Any CPU.ActiveCfg = Debug|Any CPU
		{E2FEE821-C04D-4FB4-A7CE-8069DE97ACFC}.Debug|Any CPU.Build.0 = Debug|Any CPU
		{E2FEE821-C04D-4FB4-A7CE-8069DE97ACFC}.Release|Any CPU.ActiveCfg = Release|Any CPU
		{E2FEE821-C04D-4FB4-A7CE-8069DE97ACFC}.Release|Any CPU.Build.0 = Release|Any CPU
		{7A311646-DFD4-435D-837A-6FAF851BE2B9}.Debug|Any CPU.ActiveCfg = Debug|Any CPU
		{7A311646-DFD4-435D-837A-6FAF851BE2B9}.Debug|Any CPU.Build.0 = Debug|Any CPU
		{7A311646-DFD4-435D-837A-6FAF851BE2B9}.Release|Any CPU.ActiveCfg = Release|Any CPU
		{7A311646-DFD4-435D-837A-6FAF851BE2B9}.Release|Any CPU.Build.0 = Release|Any CPU
		{79C05C11-C9EF-48C4-88FC-EFF6CECFD057}.Debug|Any CPU.ActiveCfg = Debug|Any CPU
		{79C05C11-C9EF-48C4-88FC-EFF6CECFD057}.Debug|Any CPU.Build.0 = Debug|Any CPU
		{79C05C11-C9EF-48C4-88FC-EFF6CECFD057}.Release|Any CPU.ActiveCfg = Release|Any CPU
		{79C05C11-C9EF-48C4-88FC-EFF6CECFD057}.Release|Any CPU.Build.0 = Release|Any CPU
		{4BF06FCE-7F6D-4BC9-A2DF-31CA7C4A2396}.Debug|Any CPU.ActiveCfg = Debug|Any CPU
		{4BF06FCE-7F6D-4BC9-A2DF-31CA7C4A2396}.Debug|Any CPU.Build.0 = Debug|Any CPU
		{4BF06FCE-7F6D-4BC9-A2DF-31CA7C4A2396}.Release|Any CPU.ActiveCfg = Release|Any CPU
		{4BF06FCE-7F6D-4BC9-A2DF-31CA7C4A2396}.Release|Any CPU.Build.0 = Release|Any CPU
	EndGlobalSection
	GlobalSection(SolutionProperties) = preSolution
		HideSolutionNode = FALSE
	EndGlobalSection
	GlobalSection(ExtensibilityGlobals) = postSolution
		SolutionGuid = {04A6E3D7-2A17-439D-99B2-F2F6C14DC92E}
	EndGlobalSection
EndGlobal
